
Microsoft Visual Studio Solution File, Format Version 12.00
# Visual Studio Version 17
VisualStudioVersion = 17.5.33414.496
MinimumVisualStudioVersion = 10.0.40219.1
Project("{8BC9CEB8-8B4A-11D0-8D11-00A0C91BC942}") = "arrays", "arrays\arrays.vcxproj", "{7EC2A036-570E-4A28-8671-66A51082766B}"
EndProject
Project("{8BC9CEB8-8B4A-11D0-8D11-00A0C91BC942}") = "FunctionTemplates", "FunctionTemplates\FunctionTemplates.vcxproj", "{F1349E1C-3C47-4BF7-979F-AF9D410DB7F4}"
EndProject
Global
	GlobalSection(SolutionConfigurationPlatforms) = preSolution
		Debug|x64 = Debug|x64
		Debug|x86 = Debug|x86
		Release|x64 = Release|x64
		Release|x86 = Release|x86
	EndGlobalSection
	GlobalSection(ProjectConfigurationPlatforms) = postSolution
		{7EC2A036-570E-4A28-8671-66A51082766B}.Debug|x64.ActiveCfg = Debug|x64
		{7EC2A036-570E-4A28-8671-66A51082766B}.Debug|x64.Build.0 = Debug|x64
		{7EC2A036-570E-4A28-8671-66A51082766B}.Debug|x86.ActiveCfg = Debug|Win32
		{7EC2A036-570E-4A28-8671-66A51082766B}.Debug|x86.Build.0 = Debug|Win32
		{7EC2A036-570E-4A28-8671-66A51082766B}.Release|x64.ActiveCfg = Release|x64
		{7EC2A036-570E-4A28-8671-66A51082766B}.Release|x64.Build.0 = Release|x64
		{7EC2A036-570E-4A28-8671-66A51082766B}.Release|x86.ActiveCfg = Release|Win32
		{7EC2A036-570E-4A28-8671-66A51082766B}.Release|x86.Build.0 = Release|Win32
		{F1349E1C-3C47-4BF7-979F-AF9D410DB7F4}.Debug|x64.ActiveCfg = Debug|x64
		{F1349E1C-3C47-4BF7-979F-AF9D410DB7F4}.Debug|x64.Build.0 = Debug|x64
		{F1349E1C-3C47-4BF7-979F-AF9D410DB7F4}.Debug|x86.ActiveCfg = Debug|Win32
		{F1349E1C-3C47-4BF7-979F-AF9D410DB7F4}.Debug|x86.Build.0 = Debug|Win32
		{F1349E1C-3C47-4BF7-979F-AF9D410DB7F4}.Release|x64.ActiveCfg = Release|x64
		{F1349E1C-3C47-4BF7-979F-AF9D410DB7F4}.Release|x64.Build.0 = Release|x64
		{F1349E1C-3C47-4BF7-979F-AF9D410DB7F4}.Release|x86.ActiveCfg = Release|Win32
		{F1349E1C-3C47-4BF7-979F-AF9D410DB7F4}.Release|x86.Build.0 = Release|Win32
	EndGlobalSection
	GlobalSection(SolutionProperties) = preSolution
		HideSolutionNode = FALSE
	EndGlobalSection
	GlobalSection(ExtensibilityGlobals) = postSolution
		SolutionGuid = {6378272B-C50F-4734-A4F6-2F26B4C6114F}
	EndGlobalSection
EndGlobal
